// !$*UTF8*$!
{
	archiveVersion = 1;
	classes = {
	};
	objectVersion = 46;
	objects = {

/* Begin PBXBuildFile section */
		84042D0A1AA369CE006BCE23 /* AVFoundation.framework in Frameworks */ = {isa = PBXBuildFile; fileRef = 84042D091AA369CE006BCE23 /* AVFoundation.framework */; };
		840D4E0D1A838EAF00B639CC /* Build.swift in Sources */ = {isa = PBXBuildFile; fileRef = 840D4E0C1A838EAF00B639CC /* Build.swift */; };
		8412DE531AA4E7DA0089610F /* Main.storyboard in Resources */ = {isa = PBXBuildFile; fileRef = 8412DE511AA4E7DA0089610F /* Main.storyboard */; };
		842E8E221A87B10E0082E95B /* Extensions.swift in Sources */ = {isa = PBXBuildFile; fileRef = 842E8E211A87B10E0082E95B /* Extensions.swift */; };
		8450F5011AA50F92000F8402 /* EndGameViewController.swift in Sources */ = {isa = PBXBuildFile; fileRef = 8450F5001AA50F92000F8402 /* EndGameViewController.swift */; };
		847DCA1F1AADA7C700152965 /* AudioPlayer.swift in Sources */ = {isa = PBXBuildFile; fileRef = 847DCA1E1AADA7C700152965 /* AudioPlayer.swift */; };
		849628E41A8602ED00131520 /* Hero.swift in Sources */ = {isa = PBXBuildFile; fileRef = 849628E31A8602ED00131520 /* Hero.swift */; };
		849628E81A86259300131520 /* Chain.swift in Sources */ = {isa = PBXBuildFile; fileRef = 849628E71A86259300131520 /* Chain.swift */; };
		84B9FFB91A950D1E0067236A /* rope3.png in Resources */ = {isa = PBXBuildFile; fileRef = 84B9FFB71A950D1E0067236A /* rope3.png */; };
		84B9FFBD1A9513DC0067236A /* hero.png in Resources */ = {isa = PBXBuildFile; fileRef = 84B9FFBC1A9513DC0067236A /* hero.png */; };
		84B9FFBF1A95181A0067236A /* build2.png in Resources */ = {isa = PBXBuildFile; fileRef = 84B9FFBE1A95181A0067236A /* build2.png */; };
		84CEB58C1A951E0A0040B95F /* heroStand.png in Resources */ = {isa = PBXBuildFile; fileRef = 84CEB5891A951E0A0040B95F /* heroStand.png */; };
		84CEB58E1A951E0A0040B95F /* heroJump.png in Resources */ = {isa = PBXBuildFile; fileRef = 84CEB58B1A951E0A0040B95F /* heroJump.png */; };
		84CEB5921A95269A0040B95F /* heroBreath.png in Resources */ = {isa = PBXBuildFile; fileRef = 84CEB5911A95269A0040B95F /* heroBreath.png */; };
		84E6B5C61AA1F2C1007DAD72 /* maskForBasket.png in Resources */ = {isa = PBXBuildFile; fileRef = 84E6B5C51AA1F2C1007DAD72 /* maskForBasket.png */; };
		84E6B5C81AA21DE2007DAD72 /* Constants.swift in Sources */ = {isa = PBXBuildFile; fileRef = 84E6B5C71AA21DE2007DAD72 /* Constants.swift */; };
		84E960EE1A7D1D4000E3312D /* AppDelegate.swift in Sources */ = {isa = PBXBuildFile; fileRef = 84E960ED1A7D1D4000E3312D /* AppDelegate.swift */; };
		84E960F21A7D1D4000E3312D /* GameScene.swift in Sources */ = {isa = PBXBuildFile; fileRef = 84E960F11A7D1D4000E3312D /* GameScene.swift */; };
		84E960F91A7D1D4100E3312D /* Images.xcassets in Resources */ = {isa = PBXBuildFile; fileRef = 84E960F81A7D1D4100E3312D /* Images.xcassets */; };
		84FD1D2B1AA3C3AF008B656F /* Convertation.swift in Sources */ = {isa = PBXBuildFile; fileRef = 84FD1D261AA3C3AF008B656F /* Convertation.swift */; };
		84FD1D2D1AA3C3AF008B656F /* GameViewController.swift in Sources */ = {isa = PBXBuildFile; fileRef = 84FD1D281AA3C3AF008B656F /* GameViewController.swift */; };
		84FD1D2E1AA3C3AF008B656F /* MenuViewController.swift in Sources */ = {isa = PBXBuildFile; fileRef = 84FD1D291AA3C3AF008B656F /* MenuViewController.swift */; };
		84FD1D2F1AA3C3AF008B656F /* SettingsViewController.swift in Sources */ = {isa = PBXBuildFile; fileRef = 84FD1D2A1AA3C3AF008B656F /* SettingsViewController.swift */; };
		A58AD3901D3FBB3100088600 /* shape.png in Resources */ = {isa = PBXBuildFile; fileRef = A58AD38F1D3FBB3100088600 /* shape.png */; settings = {ASSET_TAGS = (); }; };
		A58AD3921D3FBB8500088600 /* GameScene.sks in Resources */ = {isa = PBXBuildFile; fileRef = A58AD3911D3FBB8500088600 /* GameScene.sks */; settings = {ASSET_TAGS = (); }; };
		A58AD39A1D3FBE7B00088600 /* 1.png in Resources */ = {isa = PBXBuildFile; fileRef = A58AD3931D3FBE7B00088600 /* 1.png */; settings = {ASSET_TAGS = (); }; };
		A58AD39B1D3FBE7B00088600 /* 2.png in Resources */ = {isa = PBXBuildFile; fileRef = A58AD3941D3FBE7B00088600 /* 2.png */; settings = {ASSET_TAGS = (); }; };
		A58AD39C1D3FBE7B00088600 /* 3.png in Resources */ = {isa = PBXBuildFile; fileRef = A58AD3951D3FBE7B00088600 /* 3.png */; settings = {ASSET_TAGS = (); }; };
		A58AD39D1D3FBE7B00088600 /* back.png in Resources */ = {isa = PBXBuildFile; fileRef = A58AD3961D3FBE7B00088600 /* back.png */; settings = {ASSET_TAGS = (); }; };
		A58AD39E1D3FBE7B00088600 /* build.png in Resources */ = {isa = PBXBuildFile; fileRef = A58AD3971D3FBE7B00088600 /* build.png */; settings = {ASSET_TAGS = (); }; };
		A58AD39F1D3FBE7B00088600 /* menu.png in Resources */ = {isa = PBXBuildFile; fileRef = A58AD3981D3FBE7B00088600 /* menu.png */; settings = {ASSET_TAGS = (); }; };
		A58AD3A01D3FBE7B00088600 /* pause.png in Resources */ = {isa = PBXBuildFile; fileRef = A58AD3991D3FBE7B00088600 /* pause.png */; settings = {ASSET_TAGS = (); }; };
		A58AD3A31D3FBEC300088600 /* EscapeFail.wav in Resources */ = {isa = PBXBuildFile; fileRef = A58AD3A11D3FBEC300088600 /* EscapeFail.wav */; settings = {ASSET_TAGS = (); }; };
		A58AD3A41D3FBEC300088600 /* main.wav in Resources */ = {isa = PBXBuildFile; fileRef = A58AD3A21D3FBEC300088600 /* main.wav */; settings = {ASSET_TAGS = (); }; };
		A5D624C91D56315300BF45B1 /* EscapeGameUITests.swift in Sources */ = {isa = PBXBuildFile; fileRef = A5D624C81D56315300BF45B1 /* EscapeGameUITests.swift */; };
		A5D624D51D56340000BF45B1 /* SnapshotHelper.swift in Sources */ = {isa = PBXBuildFile; fileRef = A5D624D41D56340000BF45B1 /* SnapshotHelper.swift */; settings = {ASSET_TAGS = (); }; };
		A5D68A3F1D403423009DD962 /* GoogleMobileAds.framework in Frameworks */ = {isa = PBXBuildFile; fileRef = A5D68A3E1D403423009DD962 /* GoogleMobileAds.framework */; settings = {ASSET_TAGS = (); }; };
		A5F4F76E1D366D1800E376F6 /* libz.tbd in Frameworks */ = {isa = PBXBuildFile; fileRef = A5F4F76D1D366D1800E376F6 /* libz.tbd */; };
		A5F4F7701D366E8000E376F6 /* CoreBluetooth.framework in Frameworks */ = {isa = PBXBuildFile; fileRef = A5F4F76F1D366E8000E376F6 /* CoreBluetooth.framework */; };
		A5F4F7721D366E8600E376F6 /* MediaPlayer.framework in Frameworks */ = {isa = PBXBuildFile; fileRef = A5F4F7711D366E8600E376F6 /* MediaPlayer.framework */; };
		A5F4F7741D366E8C00E376F6 /* Accelerate.framework in Frameworks */ = {isa = PBXBuildFile; fileRef = A5F4F7731D366E8C00E376F6 /* Accelerate.framework */; };
		A5F4F7761D366FA200E376F6 /* AdSupport.framework in Frameworks */ = {isa = PBXBuildFile; fileRef = A5F4F7751D366FA200E376F6 /* AdSupport.framework */; };
		A5F4F7781D366FB200E376F6 /* AudioToolbox.framework in Frameworks */ = {isa = PBXBuildFile; fileRef = A5F4F7771D366FB200E376F6 /* AudioToolbox.framework */; };
		A5F4F77A1D366FB900E376F6 /* CoreGraphics.framework in Frameworks */ = {isa = PBXBuildFile; fileRef = A5F4F7791D366FB900E376F6 /* CoreGraphics.framework */; };
		A5F4F77C1D366FC400E376F6 /* CoreTelephony.framework in Frameworks */ = {isa = PBXBuildFile; fileRef = A5F4F77B1D366FC400E376F6 /* CoreTelephony.framework */; };
		A5F4F77F1D366FD200E376F6 /* EventKit.framework in Frameworks */ = {isa = PBXBuildFile; fileRef = A5F4F77D1D366FD200E376F6 /* EventKit.framework */; };
		A5F4F7801D366FD200E376F6 /* EventKitUI.framework in Frameworks */ = {isa = PBXBuildFile; fileRef = A5F4F77E1D366FD200E376F6 /* EventKitUI.framework */; };
		A5F4F7831D366FE600E376F6 /* MessageUI.framework in Frameworks */ = {isa = PBXBuildFile; fileRef = A5F4F7821D366FE600E376F6 /* MessageUI.framework */; };
		A5F4F7851D366FF300E376F6 /* SystemConfiguration.framework in Frameworks */ = {isa = PBXBuildFile; fileRef = A5F4F7841D366FF300E376F6 /* SystemConfiguration.framework */; };
		A5F4F7871D36701700E376F6 /* StoreKit.framework in Frameworks */ = {isa = PBXBuildFile; fileRef = A5F4F7861D36701700E376F6 /* StoreKit.framework */; };
		A5F4F7891D36705D00E376F6 /* SafariServices.framework in Frameworks */ = {isa = PBXBuildFile; fileRef = A5F4F7881D36705D00E376F6 /* SafariServices.framework */; };
		F629A3B699CFBEDFC7427C60 /* libPods-EscapeGame.a in Frameworks */ = {isa = PBXBuildFile; fileRef = 204987971BC81CAE48288C52 /* libPods-EscapeGame.a */; };
/* End PBXBuildFile section */

/* Begin PBXContainerItemProxy section */
		84E961021A7D1D4100E3312D /* PBXContainerItemProxy */ = {
			isa = PBXContainerItemProxy;
			containerPortal = 84E960E01A7D1D4000E3312D /* Project object */;
			proxyType = 1;
			remoteGlobalIDString = 84E960E71A7D1D4000E3312D;
			remoteInfo = "Nitroglicerin!";
		};
		A5D624CB1D56315300BF45B1 /* PBXContainerItemProxy */ = {
			isa = PBXContainerItemProxy;
			containerPortal = 84E960E01A7D1D4000E3312D /* Project object */;
			proxyType = 1;
			remoteGlobalIDString = 84E960E71A7D1D4000E3312D;
			remoteInfo = EscapeGame;
		};
/* End PBXContainerItemProxy section */

/* Begin PBXCopyFilesBuildPhase section */
		A5F4F7811D366FDC00E376F6 /* CopyFiles */ = {
			isa = PBXCopyFilesBuildPhase;
			buildActionMask = 2147483647;
			dstPath = "";
			dstSubfolderSpec = 7;
			files = (
			);
			runOnlyForDeploymentPostprocessing = 0;
		};
/* End PBXCopyFilesBuildPhase section */

/* Begin PBXFileReference section */
		204987971BC81CAE48288C52 /* libPods-EscapeGame.a */ = {isa = PBXFileReference; explicitFileType = archive.ar; includeInIndex = 0; path = "libPods-EscapeGame.a"; sourceTree = BUILT_PRODUCTS_DIR; };
		84042D091AA369CE006BCE23 /* AVFoundation.framework */ = {isa = PBXFileReference; lastKnownFileType = wrapper.framework; name = AVFoundation.framework; path = System/Library/Frameworks/AVFoundation.framework; sourceTree = SDKROOT; };
		840D4E0C1A838EAF00B639CC /* Build.swift */ = {isa = PBXFileReference; fileEncoding = 4; lastKnownFileType = sourcecode.swift; path = Build.swift; sourceTree = "<group>"; };
		8412DE521AA4E7DA0089610F /* Base */ = {isa = PBXFileReference; lastKnownFileType = file.storyboard; name = Base; path = EscapeGame/Base.lproj/Main.storyboard; sourceTree = "<group>"; };
		842E8E211A87B10E0082E95B /* Extensions.swift */ = {isa = PBXFileReference; fileEncoding = 4; lastKnownFileType = sourcecode.swift; name = Extensions.swift; path = ../Extensions.swift; sourceTree = "<group>"; };
		8450F5001AA50F92000F8402 /* EndGameViewController.swift */ = {isa = PBXFileReference; fileEncoding = 4; lastKnownFileType = sourcecode.swift; path = EndGameViewController.swift; sourceTree = "<group>"; };
		847DCA1E1AADA7C700152965 /* AudioPlayer.swift */ = {isa = PBXFileReference; fileEncoding = 4; lastKnownFileType = sourcecode.swift; path = AudioPlayer.swift; sourceTree = "<group>"; };
		849628E31A8602ED00131520 /* Hero.swift */ = {isa = PBXFileReference; fileEncoding = 4; lastKnownFileType = sourcecode.swift; path = Hero.swift; sourceTree = "<group>"; };
		849628E71A86259300131520 /* Chain.swift */ = {isa = PBXFileReference; fileEncoding = 4; lastKnownFileType = sourcecode.swift; path = Chain.swift; sourceTree = "<group>"; };
		84B9FFB71A950D1E0067236A /* rope3.png */ = {isa = PBXFileReference; lastKnownFileType = image.png; path = rope3.png; sourceTree = "<group>"; };
		84B9FFBC1A9513DC0067236A /* hero.png */ = {isa = PBXFileReference; lastKnownFileType = image.png; path = hero.png; sourceTree = "<group>"; };
		84B9FFBE1A95181A0067236A /* build2.png */ = {isa = PBXFileReference; lastKnownFileType = image.png; path = build2.png; sourceTree = "<group>"; };
		84CEB5891A951E0A0040B95F /* heroStand.png */ = {isa = PBXFileReference; lastKnownFileType = image.png; path = heroStand.png; sourceTree = "<group>"; };
		84CEB58B1A951E0A0040B95F /* heroJump.png */ = {isa = PBXFileReference; lastKnownFileType = image.png; path = heroJump.png; sourceTree = "<group>"; };
		84CEB5911A95269A0040B95F /* heroBreath.png */ = {isa = PBXFileReference; lastKnownFileType = image.png; path = heroBreath.png; sourceTree = "<group>"; };
		84E6B5C51AA1F2C1007DAD72 /* maskForBasket.png */ = {isa = PBXFileReference; lastKnownFileType = image.png; path = maskForBasket.png; sourceTree = "<group>"; };
		84E6B5C71AA21DE2007DAD72 /* Constants.swift */ = {isa = PBXFileReference; fileEncoding = 4; lastKnownFileType = sourcecode.swift; path = Constants.swift; sourceTree = "<group>"; };
		84E960E81A7D1D4000E3312D /* EscapeGame.app */ = {isa = PBXFileReference; explicitFileType = wrapper.application; includeInIndex = 0; path = EscapeGame.app; sourceTree = BUILT_PRODUCTS_DIR; };
		84E960EC1A7D1D4000E3312D /* Info.plist */ = {isa = PBXFileReference; lastKnownFileType = text.plist.xml; path = Info.plist; sourceTree = "<group>"; };
		84E960ED1A7D1D4000E3312D /* AppDelegate.swift */ = {isa = PBXFileReference; lastKnownFileType = sourcecode.swift; path = AppDelegate.swift; sourceTree = "<group>"; };
		84E960F11A7D1D4000E3312D /* GameScene.swift */ = {isa = PBXFileReference; lastKnownFileType = sourcecode.swift; path = GameScene.swift; sourceTree = "<group>"; };
		84E960F81A7D1D4100E3312D /* Images.xcassets */ = {isa = PBXFileReference; lastKnownFileType = folder.assetcatalog; path = Images.xcassets; sourceTree = "<group>"; };
		84E961011A7D1D4100E3312D /* EscapeGameTests.xctest */ = {isa = PBXFileReference; explicitFileType = wrapper.cfbundle; includeInIndex = 0; path = EscapeGameTests.xctest; sourceTree = BUILT_PRODUCTS_DIR; };
		84E961061A7D1D4100E3312D /* Info.plist */ = {isa = PBXFileReference; lastKnownFileType = text.plist.xml; path = Info.plist; sourceTree = "<group>"; };
		84FD1D261AA3C3AF008B656F /* Convertation.swift */ = {isa = PBXFileReference; fileEncoding = 4; lastKnownFileType = sourcecode.swift; name = Convertation.swift; path = EscapeGame/Convertation.swift; sourceTree = "<group>"; };
		84FD1D281AA3C3AF008B656F /* GameViewController.swift */ = {isa = PBXFileReference; fileEncoding = 4; lastKnownFileType = sourcecode.swift; path = GameViewController.swift; sourceTree = "<group>"; };
		84FD1D291AA3C3AF008B656F /* MenuViewController.swift */ = {isa = PBXFileReference; fileEncoding = 4; lastKnownFileType = sourcecode.swift; path = MenuViewController.swift; sourceTree = "<group>"; };
		84FD1D2A1AA3C3AF008B656F /* SettingsViewController.swift */ = {isa = PBXFileReference; fileEncoding = 4; lastKnownFileType = sourcecode.swift; path = SettingsViewController.swift; sourceTree = "<group>"; };
		9FB9A7536090ACBE6F97B056 /* Pods-EscapeGame.debug.xcconfig */ = {isa = PBXFileReference; includeInIndex = 1; lastKnownFileType = text.xcconfig; name = "Pods-EscapeGame.debug.xcconfig"; path = "Pods/Target Support Files/Pods-EscapeGame/Pods-EscapeGame.debug.xcconfig"; sourceTree = "<group>"; };
		A58AD38F1D3FBB3100088600 /* shape.png */ = {isa = PBXFileReference; lastKnownFileType = image.png; path = shape.png; sourceTree = "<group>"; };
		A58AD3911D3FBB8500088600 /* GameScene.sks */ = {isa = PBXFileReference; lastKnownFileType = file.sks; path = GameScene.sks; sourceTree = "<group>"; };
		A58AD3931D3FBE7B00088600 /* 1.png */ = {isa = PBXFileReference; lastKnownFileType = image.png; path = 1.png; sourceTree = "<group>"; };
		A58AD3941D3FBE7B00088600 /* 2.png */ = {isa = PBXFileReference; lastKnownFileType = image.png; path = 2.png; sourceTree = "<group>"; };
		A58AD3951D3FBE7B00088600 /* 3.png */ = {isa = PBXFileReference; lastKnownFileType = image.png; path = 3.png; sourceTree = "<group>"; };
		A58AD3961D3FBE7B00088600 /* back.png */ = {isa = PBXFileReference; lastKnownFileType = image.png; path = back.png; sourceTree = "<group>"; };
		A58AD3971D3FBE7B00088600 /* build.png */ = {isa = PBXFileReference; lastKnownFileType = image.png; path = build.png; sourceTree = "<group>"; };
		A58AD3981D3FBE7B00088600 /* menu.png */ = {isa = PBXFileReference; lastKnownFileType = image.png; path = menu.png; sourceTree = "<group>"; };
		A58AD3991D3FBE7B00088600 /* pause.png */ = {isa = PBXFileReference; lastKnownFileType = image.png; path = pause.png; sourceTree = "<group>"; };
		A58AD3A11D3FBEC300088600 /* EscapeFail.wav */ = {isa = PBXFileReference; lastKnownFileType = audio.wav; path = EscapeFail.wav; sourceTree = "<group>"; };
		A58AD3A21D3FBEC300088600 /* main.wav */ = {isa = PBXFileReference; lastKnownFileType = audio.wav; path = main.wav; sourceTree = "<group>"; };
		A5D624C61D56315200BF45B1 /* EscapeGameUITests.xctest */ = {isa = PBXFileReference; explicitFileType = wrapper.cfbundle; includeInIndex = 0; path = EscapeGameUITests.xctest; sourceTree = BUILT_PRODUCTS_DIR; };
		A5D624C81D56315300BF45B1 /* EscapeGameUITests.swift */ = {isa = PBXFileReference; lastKnownFileType = sourcecode.swift; path = EscapeGameUITests.swift; sourceTree = "<group>"; };
		A5D624CA1D56315300BF45B1 /* Info.plist */ = {isa = PBXFileReference; lastKnownFileType = text.plist.xml; path = Info.plist; sourceTree = "<group>"; };
		A5D624D41D56340000BF45B1 /* SnapshotHelper.swift */ = {isa = PBXFileReference; fileEncoding = 4; lastKnownFileType = sourcecode.swift; name = SnapshotHelper.swift; path = fastlane/SnapshotHelper.swift; sourceTree = SOURCE_ROOT; };
		A5D68A3E1D403423009DD962 /* GoogleMobileAds.framework */ = {isa = PBXFileReference; lastKnownFileType = wrapper.framework; path = GoogleMobileAds.framework; sourceTree = "<group>"; };
		A5F4F76D1D366D1800E376F6 /* libz.tbd */ = {isa = PBXFileReference; lastKnownFileType = "sourcecode.text-based-dylib-definition"; name = libz.tbd; path = usr/lib/libz.tbd; sourceTree = SDKROOT; };
		A5F4F76F1D366E8000E376F6 /* CoreBluetooth.framework */ = {isa = PBXFileReference; lastKnownFileType = wrapper.framework; name = CoreBluetooth.framework; path = System/Library/Frameworks/CoreBluetooth.framework; sourceTree = SDKROOT; };
		A5F4F7711D366E8600E376F6 /* MediaPlayer.framework */ = {isa = PBXFileReference; lastKnownFileType = wrapper.framework; name = MediaPlayer.framework; path = System/Library/Frameworks/MediaPlayer.framework; sourceTree = SDKROOT; };
		A5F4F7731D366E8C00E376F6 /* Accelerate.framework */ = {isa = PBXFileReference; lastKnownFileType = wrapper.framework; name = Accelerate.framework; path = System/Library/Frameworks/Accelerate.framework; sourceTree = SDKROOT; };
		A5F4F7751D366FA200E376F6 /* AdSupport.framework */ = {isa = PBXFileReference; lastKnownFileType = wrapper.framework; name = AdSupport.framework; path = System/Library/Frameworks/AdSupport.framework; sourceTree = SDKROOT; };
		A5F4F7771D366FB200E376F6 /* AudioToolbox.framework */ = {isa = PBXFileReference; lastKnownFileType = wrapper.framework; name = AudioToolbox.framework; path = System/Library/Frameworks/AudioToolbox.framework; sourceTree = SDKROOT; };
		A5F4F7791D366FB900E376F6 /* CoreGraphics.framework */ = {isa = PBXFileReference; lastKnownFileType = wrapper.framework; name = CoreGraphics.framework; path = System/Library/Frameworks/CoreGraphics.framework; sourceTree = SDKROOT; };
		A5F4F77B1D366FC400E376F6 /* CoreTelephony.framework */ = {isa = PBXFileReference; lastKnownFileType = wrapper.framework; name = CoreTelephony.framework; path = System/Library/Frameworks/CoreTelephony.framework; sourceTree = SDKROOT; };
		A5F4F77D1D366FD200E376F6 /* EventKit.framework */ = {isa = PBXFileReference; lastKnownFileType = wrapper.framework; name = EventKit.framework; path = System/Library/Frameworks/EventKit.framework; sourceTree = SDKROOT; };
		A5F4F77E1D366FD200E376F6 /* EventKitUI.framework */ = {isa = PBXFileReference; lastKnownFileType = wrapper.framework; name = EventKitUI.framework; path = System/Library/Frameworks/EventKitUI.framework; sourceTree = SDKROOT; };
		A5F4F7821D366FE600E376F6 /* MessageUI.framework */ = {isa = PBXFileReference; lastKnownFileType = wrapper.framework; name = MessageUI.framework; path = System/Library/Frameworks/MessageUI.framework; sourceTree = SDKROOT; };
		A5F4F7841D366FF300E376F6 /* SystemConfiguration.framework */ = {isa = PBXFileReference; lastKnownFileType = wrapper.framework; name = SystemConfiguration.framework; path = System/Library/Frameworks/SystemConfiguration.framework; sourceTree = SDKROOT; };
		A5F4F7861D36701700E376F6 /* StoreKit.framework */ = {isa = PBXFileReference; lastKnownFileType = wrapper.framework; name = StoreKit.framework; path = System/Library/Frameworks/StoreKit.framework; sourceTree = SDKROOT; };
		A5F4F7881D36705D00E376F6 /* SafariServices.framework */ = {isa = PBXFileReference; lastKnownFileType = wrapper.framework; name = SafariServices.framework; path = System/Library/Frameworks/SafariServices.framework; sourceTree = SDKROOT; };
		F9A7A027EFB62988542DFB4A /* Pods-EscapeGame.release.xcconfig */ = {isa = PBXFileReference; includeInIndex = 1; lastKnownFileType = text.xcconfig; name = "Pods-EscapeGame.release.xcconfig"; path = "Pods/Target Support Files/Pods-EscapeGame/Pods-EscapeGame.release.xcconfig"; sourceTree = "<group>"; };
/* End PBXFileReference section */

/* Begin PBXFrameworksBuildPhase section */
		84E960E51A7D1D4000E3312D /* Frameworks */ = {
			isa = PBXFrameworksBuildPhase;
			buildActionMask = 2147483647;
			files = (
				A5F4F7891D36705D00E376F6 /* SafariServices.framework in Frameworks */,
				A5F4F7871D36701700E376F6 /* StoreKit.framework in Frameworks */,
				A5F4F7851D366FF300E376F6 /* SystemConfiguration.framework in Frameworks */,
				A5F4F7831D366FE600E376F6 /* MessageUI.framework in Frameworks */,
				A5F4F77F1D366FD200E376F6 /* EventKit.framework in Frameworks */,
				A5F4F7801D366FD200E376F6 /* EventKitUI.framework in Frameworks */,
				A5F4F77C1D366FC400E376F6 /* CoreTelephony.framework in Frameworks */,
				A5F4F77A1D366FB900E376F6 /* CoreGraphics.framework in Frameworks */,
				A5F4F7781D366FB200E376F6 /* AudioToolbox.framework in Frameworks */,
				A5F4F7761D366FA200E376F6 /* AdSupport.framework in Frameworks */,
				A5F4F7741D366E8C00E376F6 /* Accelerate.framework in Frameworks */,
				A5F4F7721D366E8600E376F6 /* MediaPlayer.framework in Frameworks */,
				A5F4F7701D366E8000E376F6 /* CoreBluetooth.framework in Frameworks */,
				A5F4F76E1D366D1800E376F6 /* libz.tbd in Frameworks */,
				84042D0A1AA369CE006BCE23 /* AVFoundation.framework in Frameworks */,
				A5D68A3F1D403423009DD962 /* GoogleMobileAds.framework in Frameworks */,
				F629A3B699CFBEDFC7427C60 /* libPods-EscapeGame.a in Frameworks */,
			);
			runOnlyForDeploymentPostprocessing = 0;
		};
		84E960FE1A7D1D4100E3312D /* Frameworks */ = {
			isa = PBXFrameworksBuildPhase;
			buildActionMask = 2147483647;
			files = (
			);
			runOnlyForDeploymentPostprocessing = 0;
		};
		A5D624C31D56315200BF45B1 /* Frameworks */ = {
			isa = PBXFrameworksBuildPhase;
			buildActionMask = 2147483647;
			files = (
			);
			runOnlyForDeploymentPostprocessing = 0;
		};
/* End PBXFrameworksBuildPhase section */

/* Begin PBXGroup section */
		141523929D473565435B3851 /* Frameworks */ = {
			isa = PBXGroup;
			children = (
				A5F4F7881D36705D00E376F6 /* SafariServices.framework */,
				A5F4F7861D36701700E376F6 /* StoreKit.framework */,
				A5F4F7841D366FF300E376F6 /* SystemConfiguration.framework */,
				A5F4F7821D366FE600E376F6 /* MessageUI.framework */,
				A5F4F77D1D366FD200E376F6 /* EventKit.framework */,
				A5F4F77E1D366FD200E376F6 /* EventKitUI.framework */,
				A5F4F77B1D366FC400E376F6 /* CoreTelephony.framework */,
				A5F4F7791D366FB900E376F6 /* CoreGraphics.framework */,
				A5F4F7771D366FB200E376F6 /* AudioToolbox.framework */,
				A5F4F7751D366FA200E376F6 /* AdSupport.framework */,
				A5F4F7731D366E8C00E376F6 /* Accelerate.framework */,
				A5F4F7711D366E8600E376F6 /* MediaPlayer.framework */,
				A5F4F76F1D366E8000E376F6 /* CoreBluetooth.framework */,
				A5F4F76D1D366D1800E376F6 /* libz.tbd */,
				204987971BC81CAE48288C52 /* libPods-EscapeGame.a */,
			);
			name = Frameworks;
			sourceTree = "<group>";
		};
		847DCA151AADA2E200152965 /* EscapeSound */ = {
			isa = PBXGroup;
			children = (
				A58AD3A11D3FBEC300088600 /* EscapeFail.wav */,
				A58AD3A21D3FBEC300088600 /* main.wav */,
			);
			name = EscapeSound;
			path = EscapeGame/EscapeSound;
			sourceTree = "<group>";
		};
		84E960DF1A7D1D4000E3312D = {
			isa = PBXGroup;
			children = (
				847DCA151AADA2E200152965 /* EscapeSound */,
				84FD1D261AA3C3AF008B656F /* Convertation.swift */,
				84E960EA1A7D1D4000E3312D /* EscapeGame */,
				A5D624C71D56315200BF45B1 /* EscapeGameUITests */,
				84E960E91A7D1D4000E3312D /* Products */,
				84042D091AA369CE006BCE23 /* AVFoundation.framework */,
				CB870A364C1C83CDE638DCAA /* Pods */,
				141523929D473565435B3851 /* Frameworks */,
			);
			sourceTree = "<group>";
		};
		84E960E91A7D1D4000E3312D /* Products */ = {
			isa = PBXGroup;
			children = (
				84E960E81A7D1D4000E3312D /* EscapeGame.app */,
				84E961011A7D1D4100E3312D /* EscapeGameTests.xctest */,
				A5D624C61D56315200BF45B1 /* EscapeGameUITests.xctest */,
			);
			name = Products;
			sourceTree = "<group>";
		};
		84E960EA1A7D1D4000E3312D /* EscapeGame */ = {
			isa = PBXGroup;
			children = (
				A5D68A3E1D403423009DD962 /* GoogleMobileAds.framework */,
				84E961111A7D264C00E3312D /* Images */,
				84E960ED1A7D1D4000E3312D /* AppDelegate.swift */,
				849628E71A86259300131520 /* Chain.swift */,
				84E960F11A7D1D4000E3312D /* GameScene.swift */,
				84E6B5C71AA21DE2007DAD72 /* Constants.swift */,
				849628E31A8602ED00131520 /* Hero.swift */,
				847DCA1E1AADA7C700152965 /* AudioPlayer.swift */,
				840D4E0C1A838EAF00B639CC /* Build.swift */,
				84FD1D281AA3C3AF008B656F /* GameViewController.swift */,
				8450F5001AA50F92000F8402 /* EndGameViewController.swift */,
				84FD1D291AA3C3AF008B656F /* MenuViewController.swift */,
				84FD1D2A1AA3C3AF008B656F /* SettingsViewController.swift */,
				842E8E211A87B10E0082E95B /* Extensions.swift */,
				8412DE511AA4E7DA0089610F /* Main.storyboard */,
				84E960F81A7D1D4100E3312D /* Images.xcassets */,
				84E960EB1A7D1D4000E3312D /* Supporting Files */,
				A58AD3911D3FBB8500088600 /* GameScene.sks */,
			);
			path = EscapeGame;
			sourceTree = "<group>";
		};
		84E960EB1A7D1D4000E3312D /* Supporting Files */ = {
			isa = PBXGroup;
			children = (
				84E960EC1A7D1D4000E3312D /* Info.plist */,
				84E961041A7D1D4100E3312D /* EscapeGameTests */,
			);
			name = "Supporting Files";
			sourceTree = "<group>";
		};
		84E961041A7D1D4100E3312D /* EscapeGameTests */ = {
			isa = PBXGroup;
			children = (
				84E961051A7D1D4100E3312D /* Supporting Files */,
			);
			path = EscapeGameTests;
			sourceTree = SOURCE_ROOT;
		};
		84E961051A7D1D4100E3312D /* Supporting Files */ = {
			isa = PBXGroup;
			children = (
				84E961061A7D1D4100E3312D /* Info.plist */,
			);
			name = "Supporting Files";
			sourceTree = "<group>";
		};
		84E961111A7D264C00E3312D /* Images */ = {
			isa = PBXGroup;
			children = (
				A58AD3931D3FBE7B00088600 /* 1.png */,
				A58AD3941D3FBE7B00088600 /* 2.png */,
				A58AD3951D3FBE7B00088600 /* 3.png */,
				A58AD3961D3FBE7B00088600 /* back.png */,
				A58AD3971D3FBE7B00088600 /* build.png */,
				A58AD3981D3FBE7B00088600 /* menu.png */,
				A58AD3991D3FBE7B00088600 /* pause.png */,
				A58AD38F1D3FBB3100088600 /* shape.png */,
				84E6B5C51AA1F2C1007DAD72 /* maskForBasket.png */,
				84CEB5911A95269A0040B95F /* heroBreath.png */,
				84CEB5891A951E0A0040B95F /* heroStand.png */,
				84CEB58B1A951E0A0040B95F /* heroJump.png */,
				84B9FFBE1A95181A0067236A /* build2.png */,
				84B9FFBC1A9513DC0067236A /* hero.png */,
				84B9FFB71A950D1E0067236A /* rope3.png */,
			);
			path = Images;
			sourceTree = "<group>";
		};
		A5D624C71D56315200BF45B1 /* EscapeGameUITests */ = {
			isa = PBXGroup;
			children = (
				A5D624D41D56340000BF45B1 /* SnapshotHelper.swift */,
				A5D624CA1D56315300BF45B1 /* Info.plist */,
				A5D624C81D56315300BF45B1 /* EscapeGameUITests.swift */,
			);
			path = EscapeGameUITests;
			sourceTree = "<group>";
		};
		CB870A364C1C83CDE638DCAA /* Pods */ = {
			isa = PBXGroup;
			children = (
				9FB9A7536090ACBE6F97B056 /* Pods-EscapeGame.debug.xcconfig */,
				F9A7A027EFB62988542DFB4A /* Pods-EscapeGame.release.xcconfig */,
			);
			name = Pods;
			sourceTree = "<group>";
		};
/* End PBXGroup section */

/* Begin PBXNativeTarget section */
		84E960E71A7D1D4000E3312D /* EscapeGame */ = {
			isa = PBXNativeTarget;
			buildConfigurationList = 84E9610B1A7D1D4100E3312D /* Build configuration list for PBXNativeTarget "EscapeGame" */;
			buildPhases = (
				35362B5D63BDF225829BA107 /* Check Pods Manifest.lock */,
				84E960E41A7D1D4000E3312D /* Sources */,
				84E960E51A7D1D4000E3312D /* Frameworks */,
				84E960E61A7D1D4000E3312D /* Resources */,
				45CEF918E16792C449EAC757 /* Copy Pods Resources */,
				A5DE08A91D358B5000036A63 /* ShellScript */,
				A5F4F7811D366FDC00E376F6 /* CopyFiles */,
			);
			buildRules = (
			);
			dependencies = (
			);
			name = EscapeGame;
			productName = "Nitroglicerin!";
			productReference = 84E960E81A7D1D4000E3312D /* EscapeGame.app */;
			productType = "com.apple.product-type.application";
		};
		84E961001A7D1D4100E3312D /* EscapeGameTests */ = {
			isa = PBXNativeTarget;
			buildConfigurationList = 84E9610E1A7D1D4100E3312D /* Build configuration list for PBXNativeTarget "EscapeGameTests" */;
			buildPhases = (
				84E960FD1A7D1D4100E3312D /* Sources */,
				84E960FE1A7D1D4100E3312D /* Frameworks */,
				84E960FF1A7D1D4100E3312D /* Resources */,
			);
			buildRules = (
			);
			dependencies = (
				84E961031A7D1D4100E3312D /* PBXTargetDependency */,
			);
			name = EscapeGameTests;
			productName = "Nitroglicerin!Tests";
			productReference = 84E961011A7D1D4100E3312D /* EscapeGameTests.xctest */;
			productType = "com.apple.product-type.bundle.unit-test";
		};
		A5D624C51D56315200BF45B1 /* EscapeGameUITests */ = {
			isa = PBXNativeTarget;
			buildConfigurationList = A5D624CD1D56315300BF45B1 /* Build configuration list for PBXNativeTarget "EscapeGameUITests" */;
			buildPhases = (
				A5D624C21D56315200BF45B1 /* Sources */,
				A5D624C31D56315200BF45B1 /* Frameworks */,
				A5D624C41D56315200BF45B1 /* Resources */,
			);
			buildRules = (
			);
			dependencies = (
				A5D624CC1D56315300BF45B1 /* PBXTargetDependency */,
			);
			name = EscapeGameUITests;
			productName = EscapeGameUITests;
			productReference = A5D624C61D56315200BF45B1 /* EscapeGameUITests.xctest */;
			productType = "com.apple.product-type.bundle.ui-testing";
		};
/* End PBXNativeTarget section */

/* Begin PBXProject section */
		84E960E01A7D1D4000E3312D /* Project object */ = {
			isa = PBXProject;
			attributes = {
				LastSwiftMigration = 0700;
				LastSwiftUpdateCheck = 0700;
				LastUpgradeCheck = 0620;
				ORGANIZATIONNAME = "Sergey Simankov";
				TargetAttributes = {
					84E960E71A7D1D4000E3312D = {
						CreatedOnToolsVersion = 6.2;
					};
					84E961001A7D1D4100E3312D = {
						CreatedOnToolsVersion = 6.2;
						TestTargetID = 84E960E71A7D1D4000E3312D;
					};
					A5D624C51D56315200BF45B1 = {
						CreatedOnToolsVersion = 7.0;
						TestTargetID = 84E960E71A7D1D4000E3312D;
					};
				};
			};
			buildConfigurationList = 84E960E31A7D1D4000E3312D /* Build configuration list for PBXProject "EscapeGame" */;
			compatibilityVersion = "Xcode 3.2";
			developmentRegion = English;
			hasScannedForEncodings = 0;
			knownRegions = (
				en,
				Base,
			);
			mainGroup = 84E960DF1A7D1D4000E3312D;
			productRefGroup = 84E960E91A7D1D4000E3312D /* Products */;
			projectDirPath = "";
			projectRoot = "";
			targets = (
				84E960E71A7D1D4000E3312D /* EscapeGame */,
				84E961001A7D1D4100E3312D /* EscapeGameTests */,
				A5D624C51D56315200BF45B1 /* EscapeGameUITests */,
			);
		};
/* End PBXProject section */

/* Begin PBXResourcesBuildPhase section */
		84E960E61A7D1D4000E3312D /* Resources */ = {
			isa = PBXResourcesBuildPhase;
			buildActionMask = 2147483647;
			files = (
				84B9FFB91A950D1E0067236A /* rope3.png in Resources */,
				A58AD3A31D3FBEC300088600 /* EscapeFail.wav in Resources */,
				84B9FFBD1A9513DC0067236A /* hero.png in Resources */,
				A58AD3921D3FBB8500088600 /* GameScene.sks in Resources */,
				84CEB5921A95269A0040B95F /* heroBreath.png in Resources */,
				A58AD3A41D3FBEC300088600 /* main.wav in Resources */,
				8412DE531AA4E7DA0089610F /* Main.storyboard in Resources */,
				84E960F91A7D1D4100E3312D /* Images.xcassets in Resources */,
				A58AD39B1D3FBE7B00088600 /* 2.png in Resources */,
				A58AD39A1D3FBE7B00088600 /* 1.png in Resources */,
				A58AD39C1D3FBE7B00088600 /* 3.png in Resources */,
				84CEB58C1A951E0A0040B95F /* heroStand.png in Resources */,
				A58AD3A01D3FBE7B00088600 /* pause.png in Resources */,
				A58AD3901D3FBB3100088600 /* shape.png in Resources */,
				A58AD39D1D3FBE7B00088600 /* back.png in Resources */,
				84E6B5C61AA1F2C1007DAD72 /* maskForBasket.png in Resources */,
				84B9FFBF1A95181A0067236A /* build2.png in Resources */,
				A58AD39E1D3FBE7B00088600 /* build.png in Resources */,
				A58AD39F1D3FBE7B00088600 /* menu.png in Resources */,
				84CEB58E1A951E0A0040B95F /* heroJump.png in Resources */,
			);
			runOnlyForDeploymentPostprocessing = 0;
		};
		84E960FF1A7D1D4100E3312D /* Resources */ = {
			isa = PBXResourcesBuildPhase;
			buildActionMask = 2147483647;
			files = (
			);
			runOnlyForDeploymentPostprocessing = 0;
		};
		A5D624C41D56315200BF45B1 /* Resources */ = {
			isa = PBXResourcesBuildPhase;
			buildActionMask = 2147483647;
			files = (
			);
			runOnlyForDeploymentPostprocessing = 0;
		};
/* End PBXResourcesBuildPhase section */

/* Begin PBXShellScriptBuildPhase section */
		35362B5D63BDF225829BA107 /* Check Pods Manifest.lock */ = {
			isa = PBXShellScriptBuildPhase;
			buildActionMask = 2147483647;
			files = (
			);
			inputPaths = (
			);
			name = "Check Pods Manifest.lock";
			outputPaths = (
			);
			runOnlyForDeploymentPostprocessing = 0;
			shellPath = /bin/sh;
			shellScript = "diff \"${PODS_ROOT}/../Podfile.lock\" \"${PODS_ROOT}/Manifest.lock\" > /dev/null\nif [[ $? != 0 ]] ; then\n    cat << EOM\nerror: The sandbox is not in sync with the Podfile.lock. Run 'pod install' or update your CocoaPods installation.\nEOM\n    exit 1\nfi\n";
			showEnvVarsInLog = 0;
		};
		45CEF918E16792C449EAC757 /* Copy Pods Resources */ = {
			isa = PBXShellScriptBuildPhase;
			buildActionMask = 2147483647;
			files = (
			);
			inputPaths = (
			);
			name = "Copy Pods Resources";
			outputPaths = (
			);
			runOnlyForDeploymentPostprocessing = 0;
			shellPath = /bin/sh;
			shellScript = "\"${SRCROOT}/Pods/Target Support Files/Pods-EscapeGame/Pods-EscapeGame-resources.sh\"\n";
			showEnvVarsInLog = 0;
		};
		A5DE08A91D358B5000036A63 /* ShellScript */ = {
			isa = PBXShellScriptBuildPhase;
			buildActionMask = 2147483647;
			files = (
			);
			inputPaths = (
			);
			outputPaths = (
			);
			runOnlyForDeploymentPostprocessing = 0;
			shellPath = /bin/sh;
			shellScript = "\"${PODS_ROOT}/Fabric/run\" 69b21e5a3b02915f86c0c52a087feceb06e27822 826f9b04284d882f6ff905c4a4b475bf8955afbe962535fbf5fa8b995d6f370f\n";
		};
/* End PBXShellScriptBuildPhase section */

/* Begin PBXSourcesBuildPhase section */
		84E960E41A7D1D4000E3312D /* Sources */ = {
			isa = PBXSourcesBuildPhase;
			buildActionMask = 2147483647;
			files = (
				84FD1D2D1AA3C3AF008B656F /* GameViewController.swift in Sources */,
				84E960F21A7D1D4000E3312D /* GameScene.swift in Sources */,
				8450F5011AA50F92000F8402 /* EndGameViewController.swift in Sources */,
				84FD1D2B1AA3C3AF008B656F /* Convertation.swift in Sources */,
				842E8E221A87B10E0082E95B /* Extensions.swift in Sources */,
				84FD1D2E1AA3C3AF008B656F /* MenuViewController.swift in Sources */,
				849628E81A86259300131520 /* Chain.swift in Sources */,
				84E960EE1A7D1D4000E3312D /* AppDelegate.swift in Sources */,
				849628E41A8602ED00131520 /* Hero.swift in Sources */,
				840D4E0D1A838EAF00B639CC /* Build.swift in Sources */,
				84E6B5C81AA21DE2007DAD72 /* Constants.swift in Sources */,
				847DCA1F1AADA7C700152965 /* AudioPlayer.swift in Sources */,
				84FD1D2F1AA3C3AF008B656F /* SettingsViewController.swift in Sources */,
			);
			runOnlyForDeploymentPostprocessing = 0;
		};
		84E960FD1A7D1D4100E3312D /* Sources */ = {
			isa = PBXSourcesBuildPhase;
			buildActionMask = 2147483647;
			files = (
			);
			runOnlyForDeploymentPostprocessing = 0;
		};
		A5D624C21D56315200BF45B1 /* Sources */ = {
			isa = PBXSourcesBuildPhase;
			buildActionMask = 2147483647;
			files = (
				A5D624C91D56315300BF45B1 /* EscapeGameUITests.swift in Sources */,
				A5D624D51D56340000BF45B1 /* SnapshotHelper.swift in Sources */,
			);
			runOnlyForDeploymentPostprocessing = 0;
		};
/* End PBXSourcesBuildPhase section */

/* Begin PBXTargetDependency section */
		84E961031A7D1D4100E3312D /* PBXTargetDependency */ = {
			isa = PBXTargetDependency;
			target = 84E960E71A7D1D4000E3312D /* EscapeGame */;
			targetProxy = 84E961021A7D1D4100E3312D /* PBXContainerItemProxy */;
		};
		A5D624CC1D56315300BF45B1 /* PBXTargetDependency */ = {
			isa = PBXTargetDependency;
			target = 84E960E71A7D1D4000E3312D /* EscapeGame */;
			targetProxy = A5D624CB1D56315300BF45B1 /* PBXContainerItemProxy */;
		};
/* End PBXTargetDependency section */

/* Begin PBXVariantGroup section */
		8412DE511AA4E7DA0089610F /* Main.storyboard */ = {
			isa = PBXVariantGroup;
			children = (
				8412DE521AA4E7DA0089610F /* Base */,
			);
			name = Main.storyboard;
			path = ..;
			sourceTree = "<group>";
		};
/* End PBXVariantGroup section */

/* Begin XCBuildConfiguration section */
		84E961091A7D1D4100E3312D /* Debug */ = {
			isa = XCBuildConfiguration;
			buildSettings = {
				ALWAYS_SEARCH_USER_PATHS = NO;
				CLANG_CXX_LANGUAGE_STANDARD = "gnu++0x";
				CLANG_CXX_LIBRARY = "libc++";
				CLANG_ENABLE_MODULES = YES;
				CLANG_ENABLE_OBJC_ARC = YES;
				CLANG_WARN_BOOL_CONVERSION = YES;
				CLANG_WARN_CONSTANT_CONVERSION = YES;
				CLANG_WARN_DIRECT_OBJC_ISA_USAGE = YES_ERROR;
				CLANG_WARN_EMPTY_BODY = YES;
				CLANG_WARN_ENUM_CONVERSION = YES;
				CLANG_WARN_INT_CONVERSION = YES;
				CLANG_WARN_OBJC_ROOT_CLASS = YES_ERROR;
				CLANG_WARN_UNREACHABLE_CODE = YES;
				CLANG_WARN__DUPLICATE_METHOD_MATCH = YES;
				"CODE_SIGN_IDENTITY[sdk=iphoneos*]" = "iPhone Developer";
				COPY_PHASE_STRIP = NO;
				ENABLE_STRICT_OBJC_MSGSEND = YES;
				GCC_C_LANGUAGE_STANDARD = gnu99;
				GCC_DYNAMIC_NO_PIC = NO;
				GCC_OPTIMIZATION_LEVEL = 0;
				GCC_PREPROCESSOR_DEFINITIONS = (
					"DEBUG=1",
					"$(inherited)",
				);
				GCC_SYMBOLS_PRIVATE_EXTERN = NO;
				GCC_WARN_64_TO_32_BIT_CONVERSION = YES;
				GCC_WARN_ABOUT_RETURN_TYPE = YES_ERROR;
				GCC_WARN_UNDECLARED_SELECTOR = YES;
				GCC_WARN_UNINITIALIZED_AUTOS = YES_AGGRESSIVE;
				GCC_WARN_UNUSED_FUNCTION = YES;
				GCC_WARN_UNUSED_VARIABLE = YES;
				IPHONEOS_DEPLOYMENT_TARGET = 9.0;
				MTL_ENABLE_DEBUG_INFO = YES;
				ONLY_ACTIVE_ARCH = YES;
				SDKROOT = iphoneos;
				SWIFT_OPTIMIZATION_LEVEL = "-Onone";
				TARGETED_DEVICE_FAMILY = "1,2";
			};
			name = Debug;
		};
		84E9610A1A7D1D4100E3312D /* Release */ = {
			isa = XCBuildConfiguration;
			buildSettings = {
				ALWAYS_SEARCH_USER_PATHS = NO;
				CLANG_CXX_LANGUAGE_STANDARD = "gnu++0x";
				CLANG_CXX_LIBRARY = "libc++";
				CLANG_ENABLE_MODULES = YES;
				CLANG_ENABLE_OBJC_ARC = YES;
				CLANG_WARN_BOOL_CONVERSION = YES;
				CLANG_WARN_CONSTANT_CONVERSION = YES;
				CLANG_WARN_DIRECT_OBJC_ISA_USAGE = YES_ERROR;
				CLANG_WARN_EMPTY_BODY = YES;
				CLANG_WARN_ENUM_CONVERSION = YES;
				CLANG_WARN_INT_CONVERSION = YES;
				CLANG_WARN_OBJC_ROOT_CLASS = YES_ERROR;
				CLANG_WARN_UNREACHABLE_CODE = YES;
				CLANG_WARN__DUPLICATE_METHOD_MATCH = YES;
				"CODE_SIGN_IDENTITY[sdk=iphoneos*]" = "iPhone Developer";
				COPY_PHASE_STRIP = NO;
				ENABLE_NS_ASSERTIONS = NO;
				ENABLE_STRICT_OBJC_MSGSEND = YES;
				GCC_C_LANGUAGE_STANDARD = gnu99;
				GCC_WARN_64_TO_32_BIT_CONVERSION = YES;
				GCC_WARN_ABOUT_RETURN_TYPE = YES_ERROR;
				GCC_WARN_UNDECLARED_SELECTOR = YES;
				GCC_WARN_UNINITIALIZED_AUTOS = YES_AGGRESSIVE;
				GCC_WARN_UNUSED_FUNCTION = YES;
				GCC_WARN_UNUSED_VARIABLE = YES;
				IPHONEOS_DEPLOYMENT_TARGET = 9.0;
				MTL_ENABLE_DEBUG_INFO = NO;
				SDKROOT = iphoneos;
				TARGETED_DEVICE_FAMILY = "1,2";
				VALIDATE_PRODUCT = YES;
			};
			name = Release;
		};
		84E9610C1A7D1D4100E3312D /* Debug */ = {
			isa = XCBuildConfiguration;
			baseConfigurationReference = 9FB9A7536090ACBE6F97B056 /* Pods-EscapeGame.debug.xcconfig */;
			buildSettings = {
				ASSETCATALOG_COMPILER_APPICON_NAME = AppIcon;
				FRAMEWORK_SEARCH_PATHS = (
					"$(inherited)",
					/Users/sergey/Desktop,
					"$(PROJECT_DIR)/EscapeGame",
				);
				INFOPLIST_FILE = EscapeGame/Info.plist;
				IPHONEOS_DEPLOYMENT_TARGET = 9.0;
				LD_RUNPATH_SEARCH_PATHS = "$(inherited) @executable_path/Frameworks";
				PRODUCT_NAME = "$(TARGET_NAME)";
				TARGETED_DEVICE_FAMILY = 1;
			};
			name = Debug;
		};
		84E9610D1A7D1D4100E3312D /* Release */ = {
			isa = XCBuildConfiguration;
			baseConfigurationReference = F9A7A027EFB62988542DFB4A /* Pods-EscapeGame.release.xcconfig */;
			buildSettings = {
				ASSETCATALOG_COMPILER_APPICON_NAME = AppIcon;
				FRAMEWORK_SEARCH_PATHS = (
					"$(inherited)",
					/Users/sergey/Desktop,
					"$(PROJECT_DIR)/EscapeGame",
				);
				INFOPLIST_FILE = EscapeGame/Info.plist;
				IPHONEOS_DEPLOYMENT_TARGET = 9.0;
				LD_RUNPATH_SEARCH_PATHS = "$(inherited) @executable_path/Frameworks";
				PRODUCT_NAME = "$(TARGET_NAME)";
				TARGETED_DEVICE_FAMILY = 1;
			};
			name = Release;
		};
		84E9610F1A7D1D4100E3312D /* Debug */ = {
			isa = XCBuildConfiguration;
			buildSettings = {
				BUNDLE_LOADER = "$(TEST_HOST)";
				CLANG_ENABLE_MODULES = YES;
				FRAMEWORK_SEARCH_PATHS = (
					"$(SDKROOT)/Developer/Library/Frameworks",
					"$(inherited)",
				);
				GCC_PREPROCESSOR_DEFINITIONS = (
					"DEBUG=1",
					"$(inherited)",
				);
				INFOPLIST_FILE = EscapeGameTests/Info.plist;
				LD_RUNPATH_SEARCH_PATHS = "$(inherited) @executable_path/Frameworks @loader_path/Frameworks";
				PRODUCT_NAME = "$(TARGET_NAME)";
				SWIFT_OPTIMIZATION_LEVEL = "-Onone";
				TEST_HOST = "$(BUILT_PRODUCTS_DIR)/EscapeGame.app/EscapeGame";
			};
			name = Debug;
		};
		84E961101A7D1D4100E3312D /* Release */ = {
			isa = XCBuildConfiguration;
			buildSettings = {
				BUNDLE_LOADER = "$(TEST_HOST)";
				CLANG_ENABLE_MODULES = YES;
				FRAMEWORK_SEARCH_PATHS = (
					"$(SDKROOT)/Developer/Library/Frameworks",
					"$(inherited)",
				);
				INFOPLIST_FILE = EscapeGameTests/Info.plist;
				LD_RUNPATH_SEARCH_PATHS = "$(inherited) @executable_path/Frameworks @loader_path/Frameworks";
				PRODUCT_NAME = "$(TARGET_NAME)";
				TEST_HOST = "$(BUILT_PRODUCTS_DIR)/EscapeGame.app/EscapeGame";
			};
			name = Release;
		};
		A5D624CE1D56315300BF45B1 /* Debug */ = {
			isa = XCBuildConfiguration;
			buildSettings = {
				DEBUG_INFORMATION_FORMAT = dwarf;
				ENABLE_TESTABILITY = YES;
				GCC_NO_COMMON_BLOCKS = YES;
				INFOPLIST_FILE = EscapeGameUITests/Info.plist;
				LD_RUNPATH_SEARCH_PATHS = "$(inherited) @executable_path/Frameworks @loader_path/Frameworks";
				PRODUCT_BUNDLE_IDENTIFIER = d.EscapeGameUITests;
				PRODUCT_NAME = "$(TARGET_NAME)";
				TEST_TARGET_NAME = EscapeGame;
				USES_XCTRUNNER = YES;
			};
			name = Debug;
		};
		A5D624CF1D56315300BF45B1 /* Release */ = {
			isa = XCBuildConfiguration;
			buildSettings = {
				DEBUG_INFORMATION_FORMAT = "dwarf-with-dsym";
				GCC_NO_COMMON_BLOCKS = YES;
				INFOPLIST_FILE = EscapeGameUITests/Info.plist;
				LD_RUNPATH_SEARCH_PATHS = "$(inherited) @executable_path/Frameworks @loader_path/Frameworks";
				PRODUCT_BUNDLE_IDENTIFIER = d.EscapeGameUITests;
				PRODUCT_NAME = "$(TARGET_NAME)";
				TEST_TARGET_NAME = EscapeGame;
				USES_XCTRUNNER = YES;
			};
			name = Release;
		};
/* End XCBuildConfiguration section */

/* Begin XCConfigurationList section */
		84E960E31A7D1D4000E3312D /* Build configuration list for PBXProject "EscapeGame" */ = {
			isa = XCConfigurationList;
			buildConfigurations = (
				84E961091A7D1D4100E3312D /* Debug */,
				84E9610A1A7D1D4100E3312D /* Release */,
			);
			defaultConfigurationIsVisible = 0;
			defaultConfigurationName = Release;
		};
		84E9610B1A7D1D4100E3312D /* Build configuration list for PBXNativeTarget "EscapeGame" */ = {
			isa = XCConfigurationList;
			buildConfigurations = (
				84E9610C1A7D1D4100E3312D /* Debug */,
				84E9610D1A7D1D4100E3312D /* Release */,
			);
			defaultConfigurationIsVisible = 0;
			defaultConfigurationName = Release;
		};
		84E9610E1A7D1D4100E3312D /* Build configuration list for PBXNativeTarget "EscapeGameTests" */ = {
			isa = XCConfigurationList;
			buildConfigurations = (
				84E9610F1A7D1D4100E3312D /* Debug */,
				84E961101A7D1D4100E3312D /* Release */,
			);
			defaultConfigurationIsVisible = 0;
			defaultConfigurationName = Release;
		};
		A5D624CD1D56315300BF45B1 /* Build configuration list for PBXNativeTarget "EscapeGameUITests" */ = {
			isa = XCConfigurationList;
			buildConfigurations = (
				A5D624CE1D56315300BF45B1 /* Debug */,
				A5D624CF1D56315300BF45B1 /* Release */,
			);
			defaultConfigurationIsVisible = 0;
			defaultConfigurationName = Release;
		};
/* End XCConfigurationList section */
	};
	rootObject = 84E960E01A7D1D4000E3312D /* Project object */;
}
